
Microsoft Visual Studio Solution File, Format Version 12.00
# Visual Studio Version 17
VisualStudioVersion = 17.8.34322.80
MinimumVisualStudioVersion = 10.0.40219.1
Project("{FAE04EC0-301F-11D3-BF4B-00C04F79EFBC}") = "CodeAlong", "CodeAlong.csproj", "{B7DB65BD-A5F8-4A0A-9502-06CCE6F854B5}"
EndProject
Global
	GlobalSection(SolutionConfigurationPlatforms) = preSolution
		Debug|Any CPU = Debug|Any CPU
		Release|Any CPU = Release|Any CPU
	EndGlobalSection
	GlobalSection(ProjectConfigurationPlatforms) = postSolution
		{B7DB65BD-A5F8-4A0A-9502-06CCE6F854B5}.Debug|Any CPU.ActiveCfg = Debug|Any CPU
		{B7DB65BD-A5F8-4A0A-9502-06CCE6F854B5}.Debug|Any CPU.Build.0 = Debug|Any CPU
		{B7DB65BD-A5F8-4A0A-9502-06CCE6F854B5}.Release|Any CPU.ActiveCfg = Release|Any CPU
		{B7DB65BD-A5F8-4A0A-9502-06CCE6F854B5}.Release|Any CPU.Build.0 = Release|Any CPU
	EndGlobalSection
	GlobalSection(SolutionProperties) = preSolution
		HideSolutionNode = FALSE
	EndGlobalSection
	GlobalSection(ExtensibilityGlobals) = postSolution
		SolutionGuid = {9C7CCAAC-775B-47C9-A5FB-B68C3027953F}
	EndGlobalSection
EndGlobal
